
Microsoft Visual Studio Solution File, Format Version 12.00
# Visual Studio Version 16
VisualStudioVersion = 16.0.30523.141
MinimumVisualStudioVersion = 10.0.40219.1
Project("{FAE04EC0-301F-11D3-BF4B-00C04F79EFBC}") = "KaratsubaAlgoritmasi", "KaratsubaAlgoritmasi\KaratsubaAlgoritmasi.csproj", "{FF73C0A1-37EF-4386-81FF-0D690920D1CC}"
EndProject
Global
	GlobalSection(SolutionConfigurationPlatforms) = preSolution
		Debug|Any CPU = Debug|Any CPU
		Release|Any CPU = Release|Any CPU
	EndGlobalSection
	GlobalSection(ProjectConfigurationPlatforms) = postSolution
		{FF73C0A1-37EF-4386-81FF-0D690920D1CC}.Debug|Any CPU.ActiveCfg = Debug|Any CPU
		{FF73C0A1-37EF-4386-81FF-0D690920D1CC}.Debug|Any CPU.Build.0 = Debug|Any CPU
		{FF73C0A1-37EF-4386-81FF-0D690920D1CC}.Release|Any CPU.ActiveCfg = Release|Any CPU
		{FF73C0A1-37EF-4386-81FF-0D690920D1CC}.Release|Any CPU.Build.0 = Release|Any CPU
	EndGlobalSection
	GlobalSection(SolutionProperties) = preSolution
		HideSolutionNode = FALSE
	EndGlobalSection
	GlobalSection(ExtensibilityGlobals) = postSolution
		SolutionGuid = {94F1DDA1-C84B-4853-81F1-2A979C8239E2}
	EndGlobalSection
EndGlobal
